
Microsoft Visual Studio Solution File, Format Version 12.00
# Visual Studio Version 17
VisualStudioVersion = 17.6.33712.159
MinimumVisualStudioVersion = 10.0.40219.1
Project("{FAE04EC0-301F-11D3-BF4B-00C04F79EFBC}") = "Held og lotto", "Held og lotto\Held og lotto.csproj", "{8ED7B41E-2D29-4EAC-B195-B456B03C4713}"
EndProject
Global
	GlobalSection(SolutionConfigurationPlatforms) = preSolution
		Debug|Any CPU = Debug|Any CPU
		Release|Any CPU = Release|Any CPU
	EndGlobalSection
	GlobalSection(ProjectConfigurationPlatforms) = postSolution
		{8ED7B41E-2D29-4EAC-B195-B456B03C4713}.Debug|Any CPU.ActiveCfg = Debug|Any CPU
		{8ED7B41E-2D29-4EAC-B195-B456B03C4713}.Debug|Any CPU.Build.0 = Debug|Any CPU
		{8ED7B41E-2D29-4EAC-B195-B456B03C4713}.Release|Any CPU.ActiveCfg = Release|Any CPU
		{8ED7B41E-2D29-4EAC-B195-B456B03C4713}.Release|Any CPU.Build.0 = Release|Any CPU
	EndGlobalSection
	GlobalSection(SolutionProperties) = preSolution
		HideSolutionNode = FALSE
	EndGlobalSection
	GlobalSection(ExtensibilityGlobals) = postSolution
		SolutionGuid = {8AD35182-01B0-477F-BF39-E2C3A3E95A6E}
	EndGlobalSection
EndGlobal
